
Microsoft Visual Studio Solution File, Format Version 12.00
# Visual Studio Version 16
VisualStudioVersion = 16.0.31702.278
MinimumVisualStudioVersion = 10.0.40219.1
Project("{FAE04EC0-301F-11D3-BF4B-00C04F79EFBC}") = "aditionalTask", "aditionalTask\aditionalTask.csproj", "{DA0A6D73-FCAB-4B03-AA5D-F59BB0DF87E8}"
EndProject
Global
	GlobalSection(SolutionConfigurationPlatforms) = preSolution
		Debug|Any CPU = Debug|Any CPU
		Release|Any CPU = Release|Any CPU
	EndGlobalSection
	GlobalSection(ProjectConfigurationPlatforms) = postSolution
		{DA0A6D73-FCAB-4B03-AA5D-F59BB0DF87E8}.Debug|Any CPU.ActiveCfg = Debug|Any CPU
		{DA0A6D73-FCAB-4B03-AA5D-F59BB0DF87E8}.Debug|Any CPU.Build.0 = Debug|Any CPU
		{DA0A6D73-FCAB-4B03-AA5D-F59BB0DF87E8}.Release|Any CPU.ActiveCfg = Release|Any CPU
		{DA0A6D73-FCAB-4B03-AA5D-F59BB0DF87E8}.Release|Any CPU.Build.0 = Release|Any CPU
	EndGlobalSection
	GlobalSection(SolutionProperties) = preSolution
		HideSolutionNode = FALSE
	EndGlobalSection
	GlobalSection(ExtensibilityGlobals) = postSolution
		SolutionGuid = {4E94ED6E-F338-413C-8E7C-1BBCDEA384BB}
	EndGlobalSection
EndGlobal
